
Microsoft Visual Studio Solution File, Format Version 12.00
# Visual Studio Version 17
VisualStudioVersion = 17.14.37027.9 d17.14
MinimumVisualStudioVersion = 10.0.40219.1
Project("{FAE04EC0-301F-11D3-BF4B-00C04F79EFBC}") = "Shifaa", "Shifaa.csproj", "{545CB8CD-2FEF-4024-988B-2B7C2C227A79}"
EndProject
Global
	GlobalSection(SolutionConfigurationPlatforms) = preSolution
		Debug|Any CPU = Debug|Any CPU
		Release|Any CPU = Release|Any CPU
	EndGlobalSection
	GlobalSection(ProjectConfigurationPlatforms) = postSolution
		{545CB8CD-2FEF-4024-988B-2B7C2C227A79}.Debug|Any CPU.ActiveCfg = Debug|Any CPU
		{545CB8CD-2FEF-4024-988B-2B7C2C227A79}.Debug|Any CPU.Build.0 = Debug|Any CPU
		{545CB8CD-2FEF-4024-988B-2B7C2C227A79}.Release|Any CPU.ActiveCfg = Release|Any CPU
		{545CB8CD-2FEF-4024-988B-2B7C2C227A79}.Release|Any CPU.Build.0 = Release|Any CPU
	EndGlobalSection
	GlobalSection(SolutionProperties) = preSolution
		HideSolutionNode = FALSE
	EndGlobalSection
	GlobalSection(ExtensibilityGlobals) = postSolution
		SolutionGuid = {9E70E692-E174-45E6-9EA9-449161F4CD80}
	EndGlobalSection
EndGlobal
